// !$*UTF8*$!
{
	archiveVersion = 1;
	classes = {
	};
	objectVersion = 56;
	objects = {

/* Begin PBXBuildFile section */
		94E2571B2A12FBBA00407C72 /* InstagramCloneApp.swift in Sources */ = {isa = PBXBuildFile; fileRef = 94E2571A2A12FBBA00407C72 /* InstagramCloneApp.swift */; };
		94E2571D2A12FBBA00407C72 /* ContentView.swift in Sources */ = {isa = PBXBuildFile; fileRef = 94E2571C2A12FBBA00407C72 /* ContentView.swift */; };
		94E2571F2A12FBBC00407C72 /* Assets.xcassets in Resources */ = {isa = PBXBuildFile; fileRef = 94E2571E2A12FBBC00407C72 /* Assets.xcassets */; };
		94E257222A12FBBC00407C72 /* Preview Assets.xcassets in Resources */ = {isa = PBXBuildFile; fileRef = 94E257212A12FBBC00407C72 /* Preview Assets.xcassets */; };
		94E257352A12FD7300407C72 /* MainTabView.swift in Sources */ = {isa = PBXBuildFile; fileRef = 94E257342A12FD7300407C72 /* MainTabView.swift */; };
		94E257372A12FF2200407C72 /* ProfileView.swift in Sources */ = {isa = PBXBuildFile; fileRef = 94E257362A12FF2200407C72 /* ProfileView.swift */; };
		94E2573C2A13062900407C72 /* UserStatView.swift in Sources */ = {isa = PBXBuildFile; fileRef = 94E2573B2A13062900407C72 /* UserStatView.swift */; };
		94E2573E2A13B87400407C72 /* FeedView.swift in Sources */ = {isa = PBXBuildFile; fileRef = 94E2573D2A13B87400407C72 /* FeedView.swift */; };
		94E257402A13B87F00407C72 /* FeedCell.swift in Sources */ = {isa = PBXBuildFile; fileRef = 94E2573F2A13B87F00407C72 /* FeedCell.swift */; };
/* End PBXBuildFile section */

/* Begin PBXFileReference section */
		94E257172A12FBBA00407C72 /* InstagramClone.app */ = {isa = PBXFileReference; explicitFileType = wrapper.application; includeInIndex = 0; path = InstagramClone.app; sourceTree = BUILT_PRODUCTS_DIR; };
		94E2571A2A12FBBA00407C72 /* InstagramCloneApp.swift */ = {isa = PBXFileReference; lastKnownFileType = sourcecode.swift; path = InstagramCloneApp.swift; sourceTree = "<group>"; };
		94E2571C2A12FBBA00407C72 /* ContentView.swift */ = {isa = PBXFileReference; lastKnownFileType = sourcecode.swift; path = ContentView.swift; sourceTree = "<group>"; };
		94E2571E2A12FBBC00407C72 /* Assets.xcassets */ = {isa = PBXFileReference; lastKnownFileType = folder.assetcatalog; path = Assets.xcassets; sourceTree = "<group>"; };
		94E257212A12FBBC00407C72 /* Preview Assets.xcassets */ = {isa = PBXFileReference; lastKnownFileType = folder.assetcatalog; path = "Preview Assets.xcassets"; sourceTree = "<group>"; };
		94E257342A12FD7300407C72 /* MainTabView.swift */ = {isa = PBXFileReference; lastKnownFileType = sourcecode.swift; path = MainTabView.swift; sourceTree = "<group>"; };
		94E257362A12FF2200407C72 /* ProfileView.swift */ = {isa = PBXFileReference; lastKnownFileType = sourcecode.swift; path = ProfileView.swift; sourceTree = "<group>"; };
		94E2573B2A13062900407C72 /* UserStatView.swift */ = {isa = PBXFileReference; lastKnownFileType = sourcecode.swift; path = UserStatView.swift; sourceTree = "<group>"; };
		94E2573D2A13B87400407C72 /* FeedView.swift */ = {isa = PBXFileReference; lastKnownFileType = sourcecode.swift; path = FeedView.swift; sourceTree = "<group>"; };
		94E2573F2A13B87F00407C72 /* FeedCell.swift */ = {isa = PBXFileReference; lastKnownFileType = sourcecode.swift; path = FeedCell.swift; sourceTree = "<group>"; };
/* End PBXFileReference section */

/* Begin PBXFrameworksBuildPhase section */
		94E257142A12FBBA00407C72 /* Frameworks */ = {
			isa = PBXFrameworksBuildPhase;
			buildActionMask = 2147483647;
			files = (
			);
			runOnlyForDeploymentPostprocessing = 0;
		};
/* End PBXFrameworksBuildPhase section */

/* Begin PBXGroup section */
		94E2570E2A12FBBA00407C72 = {
			isa = PBXGroup;
			children = (
				94E257192A12FBBA00407C72 /* InstagramClone */,
				94E257182A12FBBA00407C72 /* Products */,
			);
			sourceTree = "<group>";
		};
		94E257182A12FBBA00407C72 /* Products */ = {
			isa = PBXGroup;
			children = (
				94E257172A12FBBA00407C72 /* InstagramClone.app */,
			);
			name = Products;
			sourceTree = "<group>";
		};
		94E257192A12FBBA00407C72 /* InstagramClone */ = {
			isa = PBXGroup;
			children = (
				94E2572C2A12FC0A00407C72 /* App */,
				94E2572B2A12FC0700407C72 /* Core */,
				94E2572A2A12FC0500407C72 /* Extensions */,
				94E257292A12FC0200407C72 /* Model */,
				94E257282A12FBF400407C72 /* Services */,
				94E2571C2A12FBBA00407C72 /* ContentView.swift */,
				94E2571E2A12FBBC00407C72 /* Assets.xcassets */,
				94E257202A12FBBC00407C72 /* Preview Content */,
			);
			path = InstagramClone;
			sourceTree = "<group>";
		};
		94E257202A12FBBC00407C72 /* Preview Content */ = {
			isa = PBXGroup;
			children = (
				94E257212A12FBBC00407C72 /* Preview Assets.xcassets */,
			);
			path = "Preview Content";
			sourceTree = "<group>";
		};
		94E257282A12FBF400407C72 /* Services */ = {
			isa = PBXGroup;
			children = (
			);
			path = Services;
			sourceTree = "<group>";
		};
		94E257292A12FC0200407C72 /* Model */ = {
			isa = PBXGroup;
			children = (
			);
			path = Model;
			sourceTree = "<group>";
		};
		94E2572A2A12FC0500407C72 /* Extensions */ = {
			isa = PBXGroup;
			children = (
			);
			path = Extensions;
			sourceTree = "<group>";
		};
		94E2572B2A12FC0700407C72 /* Core */ = {
			isa = PBXGroup;
			children = (
				94E2573A2A13060800407C72 /* Components */,
				94E257332A12FCA500407C72 /* UploadPost */,
				94E257322A12FC9A00407C72 /* TabBar */,
				94E2572D2A12FC5000407C72 /* Authentication */,
				94E257302A12FC7400407C72 /* Root */,
				94E257312A12FC7F00407C72 /* Search */,
				94E2572F2A12FC6F00407C72 /* Profile */,
				94E2572E2A12FC6800407C72 /* Feed */,
			);
			path = Core;
			sourceTree = "<group>";
		};
		94E2572C2A12FC0A00407C72 /* App */ = {
			isa = PBXGroup;
			children = (
				94E2571A2A12FBBA00407C72 /* InstagramCloneApp.swift */,
			);
			path = App;
			sourceTree = "<group>";
		};
		94E2572D2A12FC5000407C72 /* Authentication */ = {
			isa = PBXGroup;
			children = (
			);
			path = Authentication;
			sourceTree = "<group>";
		};
		94E2572E2A12FC6800407C72 /* Feed */ = {
			isa = PBXGroup;
			children = (
				94E2573D2A13B87400407C72 /* FeedView.swift */,
				94E2573F2A13B87F00407C72 /* FeedCell.swift */,
			);
			path = Feed;
			sourceTree = "<group>";
		};
		94E2572F2A12FC6F00407C72 /* Profile */ = {
			isa = PBXGroup;
			children = (
				94E257362A12FF2200407C72 /* ProfileView.swift */,
			);
			path = Profile;
			sourceTree = "<group>";
		};
		94E257302A12FC7400407C72 /* Root */ = {
			isa = PBXGroup;
			children = (
			);
			path = Root;
			sourceTree = "<group>";
		};
		94E257312A12FC7F00407C72 /* Search */ = {
			isa = PBXGroup;
			children = (
			);
			path = Search;
			sourceTree = "<group>";
		};
		94E257322A12FC9A00407C72 /* TabBar */ = {
			isa = PBXGroup;
			children = (
				94E257342A12FD7300407C72 /* MainTabView.swift */,
			);
			path = TabBar;
			sourceTree = "<group>";
		};
		94E257332A12FCA500407C72 /* UploadPost */ = {
			isa = PBXGroup;
			children = (
			);
			path = UploadPost;
			sourceTree = "<group>";
		};
		94E2573A2A13060800407C72 /* Components */ = {
			isa = PBXGroup;
			children = (
				94E2573B2A13062900407C72 /* UserStatView.swift */,
			);
			path = Components;
			sourceTree = "<group>";
		};
/* End PBXGroup section */

/* Begin PBXNativeTarget section */
		94E257162A12FBBA00407C72 /* InstagramClone */ = {
			isa = PBXNativeTarget;
			buildConfigurationList = 94E257252A12FBBC00407C72 /* Build configuration list for PBXNativeTarget "InstagramClone" */;
			buildPhases = (
				94E257132A12FBBA00407C72 /* Sources */,
				94E257142A12FBBA00407C72 /* Frameworks */,
				94E257152A12FBBA00407C72 /* Resources */,
			);
			buildRules = (
			);
			dependencies = (
			);
			name = InstagramClone;
			productName = InstagramClone;
			productReference = 94E257172A12FBBA00407C72 /* InstagramClone.app */;
			productType = "com.apple.product-type.application";
		};
/* End PBXNativeTarget section */

/* Begin PBXProject section */
		94E2570F2A12FBBA00407C72 /* Project object */ = {
			isa = PBXProject;
			attributes = {
				BuildIndependentTargetsInParallel = 1;
				LastSwiftUpdateCheck = 1420;
				LastUpgradeCheck = 1420;
				TargetAttributes = {
					94E257162A12FBBA00407C72 = {
						CreatedOnToolsVersion = 14.2;
					};
				};
			};
			buildConfigurationList = 94E257122A12FBBA00407C72 /* Build configuration list for PBXProject "InstagramClone" */;
			compatibilityVersion = "Xcode 14.0";
			developmentRegion = en;
			hasScannedForEncodings = 0;
			knownRegions = (
				en,
				Base,
			);
			mainGroup = 94E2570E2A12FBBA00407C72;
			productRefGroup = 94E257182A12FBBA00407C72 /* Products */;
			projectDirPath = "";
			projectRoot = "";
			targets = (
				94E257162A12FBBA00407C72 /* InstagramClone */,
			);
		};
/* End PBXProject section */

/* Begin PBXResourcesBuildPhase section */
		94E257152A12FBBA00407C72 /* Resources */ = {
			isa = PBXResourcesBuildPhase;
			buildActionMask = 2147483647;
			files = (
				94E257222A12FBBC00407C72 /* Preview Assets.xcassets in Resources */,
				94E2571F2A12FBBC00407C72 /* Assets.xcassets in Resources */,
			);
			runOnlyForDeploymentPostprocessing = 0;
		};
/* End PBXResourcesBuildPhase section */

/* Begin PBXSourcesBuildPhase section */
		94E257132A12FBBA00407C72 /* Sources */ = {
			isa = PBXSourcesBuildPhase;
			buildActionMask = 2147483647;
			files = (
				94E257402A13B87F00407C72 /* FeedCell.swift in Sources */,
				94E257372A12FF2200407C72 /* ProfileView.swift in Sources */,
				94E2571D2A12FBBA00407C72 /* ContentView.swift in Sources */,
				94E2571B2A12FBBA00407C72 /* InstagramCloneApp.swift in Sources */,
				94E2573C2A13062900407C72 /* UserStatView.swift in Sources */,
				94E2573E2A13B87400407C72 /* FeedView.swift in Sources */,
				94E257352A12FD7300407C72 /* MainTabView.swift in Sources */,
			);
			runOnlyForDeploymentPostprocessing = 0;
		};
/* End PBXSourcesBuildPhase section */

/* Begin XCBuildConfiguration section */
		94E257232A12FBBC00407C72 /* Debug */ = {
			isa = XCBuildConfiguration;
			buildSettings = {
				ALWAYS_SEARCH_USER_PATHS = NO;
				CLANG_ANALYZER_NONNULL = YES;
				CLANG_ANALYZER_NUMBER_OBJECT_CONVERSION = YES_AGGRESSIVE;
				CLANG_CXX_LANGUAGE_STANDARD = "gnu++20";
				CLANG_ENABLE_MODULES = YES;
				CLANG_ENABLE_OBJC_ARC = YES;
				CLANG_ENABLE_OBJC_WEAK = YES;
				CLANG_WARN_BLOCK_CAPTURE_AUTORELEASING = YES;
				CLANG_WARN_BOOL_CONVERSION = YES;
				CLANG_WARN_COMMA = YES;
				CLANG_WARN_CONSTANT_CONVERSION = YES;
				CLANG_WARN_DEPRECATED_OBJC_IMPLEMENTATIONS = YES;
				CLANG_WARN_DIRECT_OBJC_ISA_USAGE = YES_ERROR;
				CLANG_WARN_DOCUMENTATION_COMMENTS = YES;
				CLANG_WARN_EMPTY_BODY = YES;
				CLANG_WARN_ENUM_CONVERSION = YES;
				CLANG_WARN_INFINITE_RECURSION = YES;
				CLANG_WARN_INT_CONVERSION = YES;
				CLANG_WARN_NON_LITERAL_NULL_CONVERSION = YES;
				CLANG_WARN_OBJC_IMPLICIT_RETAIN_SELF = YES;
				CLANG_WARN_OBJC_LITERAL_CONVERSION = YES;
				CLANG_WARN_OBJC_ROOT_CLASS = YES_ERROR;
				CLANG_WARN_QUOTED_INCLUDE_IN_FRAMEWORK_HEADER = YES;
				CLANG_WARN_RANGE_LOOP_ANALYSIS = YES;
				CLANG_WARN_STRICT_PROTOTYPES = YES;
				CLANG_WARN_SUSPICIOUS_MOVE = YES;
				CLANG_WARN_UNGUARDED_AVAILABILITY = YES_AGGRESSIVE;
				CLANG_WARN_UNREACHABLE_CODE = YES;
				CLANG_WARN__DUPLICATE_METHOD_MATCH = YES;
				COPY_PHASE_STRIP = NO;
				DEBUG_INFORMATION_FORMAT = dwarf;
				ENABLE_STRICT_OBJC_MSGSEND = YES;
				ENABLE_TESTABILITY = YES;
				GCC_C_LANGUAGE_STANDARD = gnu11;
				GCC_DYNAMIC_NO_PIC = NO;
				GCC_NO_COMMON_BLOCKS = YES;
				GCC_OPTIMIZATION_LEVEL = 0;
				GCC_PREPROCESSOR_DEFINITIONS = (
					"DEBUG=1",
					"$(inherited)",
				);
				GCC_WARN_64_TO_32_BIT_CONVERSION = YES;
				GCC_WARN_ABOUT_RETURN_TYPE = YES_ERROR;
				GCC_WARN_UNDECLARED_SELECTOR = YES;
				GCC_WARN_UNINITIALIZED_AUTOS = YES_AGGRESSIVE;
				GCC_WARN_UNUSED_FUNCTION = YES;
				GCC_WARN_UNUSED_VARIABLE = YES;
				IPHONEOS_DEPLOYMENT_TARGET = 16.2;
				MTL_ENABLE_DEBUG_INFO = INCLUDE_SOURCE;
				MTL_FAST_MATH = YES;
				ONLY_ACTIVE_ARCH = YES;
				SDKROOT = iphoneos;
				SWIFT_ACTIVE_COMPILATION_CONDITIONS = DEBUG;
				SWIFT_OPTIMIZATION_LEVEL = "-Onone";
			};
			name = Debug;
		};
		94E257242A12FBBC00407C72 /* Release */ = {
			isa = XCBuildConfiguration;
			buildSettings = {
				ALWAYS_SEARCH_USER_PATHS = NO;
				CLANG_ANALYZER_NONNULL = YES;
				CLANG_ANALYZER_NUMBER_OBJECT_CONVERSION = YES_AGGRESSIVE;
				CLANG_CXX_LANGUAGE_STANDARD = "gnu++20";
				CLANG_ENABLE_MODULES = YES;
				CLANG_ENABLE_OBJC_ARC = YES;
				CLANG_ENABLE_OBJC_WEAK = YES;
				CLANG_WARN_BLOCK_CAPTURE_AUTORELEASING = YES;
				CLANG_WARN_BOOL_CONVERSION = YES;
				CLANG_WARN_COMMA = YES;
				CLANG_WARN_CONSTANT_CONVERSION = YES;
				CLANG_WARN_DEPRECATED_OBJC_IMPLEMENTATIONS = YES;
				CLANG_WARN_DIRECT_OBJC_ISA_USAGE = YES_ERROR;
				CLANG_WARN_DOCUMENTATION_COMMENTS = YES;
				CLANG_WARN_EMPTY_BODY = YES;
				CLANG_WARN_ENUM_CONVERSION = YES;
				CLANG_WARN_INFINITE_RECURSION = YES;
				CLANG_WARN_INT_CONVERSION = YES;
				CLANG_WARN_NON_LITERAL_NULL_CONVERSION = YES;
				CLANG_WARN_OBJC_IMPLICIT_RETAIN_SELF = YES;
				CLANG_WARN_OBJC_LITERAL_CONVERSION = YES;
				CLANG_WARN_OBJC_ROOT_CLASS = YES_ERROR;
				CLANG_WARN_QUOTED_INCLUDE_IN_FRAMEWORK_HEADER = YES;
				CLANG_WARN_RANGE_LOOP_ANALYSIS = YES;
				CLANG_WARN_STRICT_PROTOTYPES = YES;
				CLANG_WARN_SUSPICIOUS_MOVE = YES;
				CLANG_WARN_UNGUARDED_AVAILABILITY = YES_AGGRESSIVE;
				CLANG_WARN_UNREACHABLE_CODE = YES;
				CLANG_WARN__DUPLICATE_METHOD_MATCH = YES;
				COPY_PHASE_STRIP = NO;
				DEBUG_INFORMATION_FORMAT = "dwarf-with-dsym";
				ENABLE_NS_ASSERTIONS = NO;
				ENABLE_STRICT_OBJC_MSGSEND = YES;
				GCC_C_LANGUAGE_STANDARD = gnu11;
				GCC_NO_COMMON_BLOCKS = YES;
				GCC_WARN_64_TO_32_BIT_CONVERSION = YES;
				GCC_WARN_ABOUT_RETURN_TYPE = YES_ERROR;
				GCC_WARN_UNDECLARED_SELECTOR = YES;
				GCC_WARN_UNINITIALIZED_AUTOS = YES_AGGRESSIVE;
				GCC_WARN_UNUSED_FUNCTION = YES;
				GCC_WARN_UNUSED_VARIABLE = YES;
				IPHONEOS_DEPLOYMENT_TARGET = 16.2;
				MTL_ENABLE_DEBUG_INFO = NO;
				MTL_FAST_MATH = YES;
				SDKROOT = iphoneos;
				SWIFT_COMPILATION_MODE = wholemodule;
				SWIFT_OPTIMIZATION_LEVEL = "-O";
				VALIDATE_PRODUCT = YES;
			};
			name = Release;
		};
		94E257262A12FBBC00407C72 /* Debug */ = {
			isa = XCBuildConfiguration;
			buildSettings = {
				ASSETCATALOG_COMPILER_APPICON_NAME = AppIcon;
				ASSETCATALOG_COMPILER_GLOBAL_ACCENT_COLOR_NAME = AccentColor;
				CODE_SIGN_STYLE = Automatic;
				CURRENT_PROJECT_VERSION = 1;
				DEVELOPMENT_ASSET_PATHS = "\"InstagramClone/Preview Content\"";
				ENABLE_PREVIEWS = YES;
				GENERATE_INFOPLIST_FILE = YES;
				INFOPLIST_KEY_UIApplicationSceneManifest_Generation = YES;
				INFOPLIST_KEY_UIApplicationSupportsIndirectInputEvents = YES;
				INFOPLIST_KEY_UILaunchScreen_Generation = YES;
				INFOPLIST_KEY_UISupportedInterfaceOrientations_iPad = "UIInterfaceOrientationPortrait UIInterfaceOrientationPortraitUpsideDown UIInterfaceOrientationLandscapeLeft UIInterfaceOrientationLandscapeRight";
				INFOPLIST_KEY_UISupportedInterfaceOrientations_iPhone = "UIInterfaceOrientationPortrait UIInterfaceOrientationLandscapeLeft UIInterfaceOrientationLandscapeRight";
				LD_RUNPATH_SEARCH_PATHS = (
					"$(inherited)",
					"@executable_path/Frameworks",
				);
				MARKETING_VERSION = 1.0;
				PRODUCT_BUNDLE_IDENTIFIER = com.lucasnewlands.InstagramClone;
				PRODUCT_NAME = "$(TARGET_NAME)";
				SWIFT_EMIT_LOC_STRINGS = YES;
				SWIFT_VERSION = 5.0;
				TARGETED_DEVICE_FAMILY = "1,2";
			};
			name = Debug;
		};
		94E257272A12FBBC00407C72 /* Release */ = {
			isa = XCBuildConfiguration;
			buildSettings = {
				ASSETCATALOG_COMPILER_APPICON_NAME = AppIcon;
				ASSETCATALOG_COMPILER_GLOBAL_ACCENT_COLOR_NAME = AccentColor;
				CODE_SIGN_STYLE = Automatic;
				CURRENT_PROJECT_VERSION = 1;
				DEVELOPMENT_ASSET_PATHS = "\"InstagramClone/Preview Content\"";
				ENABLE_PREVIEWS = YES;
				GENERATE_INFOPLIST_FILE = YES;
				INFOPLIST_KEY_UIApplicationSceneManifest_Generation = YES;
				INFOPLIST_KEY_UIApplicationSupportsIndirectInputEvents = YES;
				INFOPLIST_KEY_UILaunchScreen_Generation = YES;
				INFOPLIST_KEY_UISupportedInterfaceOrientations_iPad = "UIInterfaceOrientationPortrait UIInterfaceOrientationPortraitUpsideDown UIInterfaceOrientationLandscapeLeft UIInterfaceOrientationLandscapeRight";
				INFOPLIST_KEY_UISupportedInterfaceOrientations_iPhone = "UIInterfaceOrientationPortrait UIInterfaceOrientationLandscapeLeft UIInterfaceOrientationLandscapeRight";
				LD_RUNPATH_SEARCH_PATHS = (
					"$(inherited)",
					"@executable_path/Frameworks",
				);
				MARKETING_VERSION = 1.0;
				PRODUCT_BUNDLE_IDENTIFIER = com.lucasnewlands.InstagramClone;
				PRODUCT_NAME = "$(TARGET_NAME)";
				SWIFT_EMIT_LOC_STRINGS = YES;
				SWIFT_VERSION = 5.0;
				TARGETED_DEVICE_FAMILY = "1,2";
			};
			name = Release;
		};
/* End XCBuildConfiguration section */

/* Begin XCConfigurationList section */
		94E257122A12FBBA00407C72 /* Build configuration list for PBXProject "InstagramClone" */ = {
			isa = XCConfigurationList;
			buildConfigurations = (
				94E257232A12FBBC00407C72 /* Debug */,
				94E257242A12FBBC00407C72 /* Release */,
			);
			defaultConfigurationIsVisible = 0;
			defaultConfigurationName = Release;
		};
		94E257252A12FBBC00407C72 /* Build configuration list for PBXNativeTarget "InstagramClone" */ = {
			isa = XCConfigurationList;
			buildConfigurations = (
				94E257262A12FBBC00407C72 /* Debug */,
				94E257272A12FBBC00407C72 /* Release */,
			);
			defaultConfigurationIsVisible = 0;
			defaultConfigurationName = Release;
		};
/* End XCConfigurationList section */
	};
	rootObject = 94E2570F2A12FBBA00407C72 /* Project object */;
}
